
Microsoft Visual Studio Solution File, Format Version 12.00
# Visual Studio Version 17
VisualStudioVersion = 17.8.34330.188
MinimumVisualStudioVersion = 10.0.40219.1
Project("{9A19103F-16F7-4668-BE54-9A1E7A4F7556}") = "BulkyWeb", "BulkyWeb\BulkyWeb.csproj", "{92543FB1-D574-4E2A-B99A-689A87B701CE}"
EndProject
Project("{9A19103F-16F7-4668-BE54-9A1E7A4F7556}") = "BulkyWebRazor_Temp", "BulkyWebRazor_Temp\BulkyWebRazor_Temp.csproj", "{4A30E7B2-8B04-4188-B968-D455C474D48B}"
EndProject
Global
	GlobalSection(SolutionConfigurationPlatforms) = preSolution
		Debug|Any CPU = Debug|Any CPU
		Release|Any CPU = Release|Any CPU
	EndGlobalSection
	GlobalSection(ProjectConfigurationPlatforms) = postSolution
		{92543FB1-D574-4E2A-B99A-689A87B701CE}.Debug|Any CPU.ActiveCfg = Debug|Any CPU
		{92543FB1-D574-4E2A-B99A-689A87B701CE}.Debug|Any CPU.Build.0 = Debug|Any CPU
		{92543FB1-D574-4E2A-B99A-689A87B701CE}.Release|Any CPU.ActiveCfg = Release|Any CPU
		{92543FB1-D574-4E2A-B99A-689A87B701CE}.Release|Any CPU.Build.0 = Release|Any CPU
		{4A30E7B2-8B04-4188-B968-D455C474D48B}.Debug|Any CPU.ActiveCfg = Debug|Any CPU
		{4A30E7B2-8B04-4188-B968-D455C474D48B}.Debug|Any CPU.Build.0 = Debug|Any CPU
		{4A30E7B2-8B04-4188-B968-D455C474D48B}.Release|Any CPU.ActiveCfg = Release|Any CPU
		{4A30E7B2-8B04-4188-B968-D455C474D48B}.Release|Any CPU.Build.0 = Release|Any CPU
	EndGlobalSection
	GlobalSection(SolutionProperties) = preSolution
		HideSolutionNode = FALSE
	EndGlobalSection
	GlobalSection(ExtensibilityGlobals) = postSolution
		SolutionGuid = {0D2898D3-288D-40DC-9AA5-E054A8FE479E}
	EndGlobalSection
EndGlobal
