
Microsoft Visual Studio Solution File, Format Version 12.00
# Visual Studio Version 17
VisualStudioVersion = 17.8.34330.188
MinimumVisualStudioVersion = 10.0.40219.1
Project("{9A19103F-16F7-4668-BE54-9A1E7A4F7556}") = "BulkyBookWeb", "BulkyWeb\BulkyBookWeb.csproj", "{92543FB1-D574-4E2A-B99A-689A87B701CE}"
EndProject
Project("{9A19103F-16F7-4668-BE54-9A1E7A4F7556}") = "BulkyBook.DataAccess", "BulkyDataAccess\BulkyBook.DataAccess.csproj", "{8DB96E28-39EB-4300-9409-7B4A59D06F10}"
EndProject
Project("{9A19103F-16F7-4668-BE54-9A1E7A4F7556}") = "BulkyBook.Models", "Bulky.Models\BulkyBook.Models.csproj", "{169BB921-AB37-456C-8EEC-A5F74BDACADD}"
EndProject
Project("{9A19103F-16F7-4668-BE54-9A1E7A4F7556}") = "BulkyBook.Utility", "Bulky.Utility\BulkyBook.Utility.csproj", "{51926C8C-0149-4309-8DFE-CBE1C4A10F47}"
EndProject
Global
	GlobalSection(SolutionConfigurationPlatforms) = preSolution
		Debug|Any CPU = Debug|Any CPU
		Release|Any CPU = Release|Any CPU
	EndGlobalSection
	GlobalSection(ProjectConfigurationPlatforms) = postSolution
		{92543FB1-D574-4E2A-B99A-689A87B701CE}.Debug|Any CPU.ActiveCfg = Debug|Any CPU
		{92543FB1-D574-4E2A-B99A-689A87B701CE}.Debug|Any CPU.Build.0 = Debug|Any CPU
		{92543FB1-D574-4E2A-B99A-689A87B701CE}.Release|Any CPU.ActiveCfg = Release|Any CPU
		{92543FB1-D574-4E2A-B99A-689A87B701CE}.Release|Any CPU.Build.0 = Release|Any CPU
		{8DB96E28-39EB-4300-9409-7B4A59D06F10}.Debug|Any CPU.ActiveCfg = Debug|Any CPU
		{8DB96E28-39EB-4300-9409-7B4A59D06F10}.Debug|Any CPU.Build.0 = Debug|Any CPU
		{8DB96E28-39EB-4300-9409-7B4A59D06F10}.Release|Any CPU.ActiveCfg = Release|Any CPU
		{8DB96E28-39EB-4300-9409-7B4A59D06F10}.Release|Any CPU.Build.0 = Release|Any CPU
		{169BB921-AB37-456C-8EEC-A5F74BDACADD}.Debug|Any CPU.ActiveCfg = Debug|Any CPU
		{169BB921-AB37-456C-8EEC-A5F74BDACADD}.Debug|Any CPU.Build.0 = Debug|Any CPU
		{169BB921-AB37-456C-8EEC-A5F74BDACADD}.Release|Any CPU.ActiveCfg = Release|Any CPU
		{169BB921-AB37-456C-8EEC-A5F74BDACADD}.Release|Any CPU.Build.0 = Release|Any CPU
		{51926C8C-0149-4309-8DFE-CBE1C4A10F47}.Debug|Any CPU.ActiveCfg = Debug|Any CPU
		{51926C8C-0149-4309-8DFE-CBE1C4A10F47}.Debug|Any CPU.Build.0 = Debug|Any CPU
		{51926C8C-0149-4309-8DFE-CBE1C4A10F47}.Release|Any CPU.ActiveCfg = Release|Any CPU
		{51926C8C-0149-4309-8DFE-CBE1C4A10F47}.Release|Any CPU.Build.0 = Release|Any CPU
	EndGlobalSection
	GlobalSection(SolutionProperties) = preSolution
		HideSolutionNode = FALSE
	EndGlobalSection
	GlobalSection(ExtensibilityGlobals) = postSolution
		SolutionGuid = {0D2898D3-288D-40DC-9AA5-E054A8FE479E}
	EndGlobalSection
EndGlobal
